
Microsoft Visual Studio Solution File, Format Version 12.00
# Visual Studio 15
Project("{FAE04EC0-301F-11D3-BF4B-00C04F79EFBC}") = "LearningUnity", "Assembly-CSharp.csproj", "{552CCFEB-3EC3-B130-D5AF-9CE5A178B517}"
EndProject
Project("{FAE04EC0-301F-11D3-BF4B-00C04F79EFBC}") = "LearningUnity", "Assembly-CSharp-Editor.csproj", "{C971DEC9-CA9B-AB70-6382-A9CE8152434C}"
EndProject
Global
	GlobalSection(SolutionConfigurationPlatforms) = preSolution
		Debug|Any CPU = Debug|Any CPU
		Release|Any CPU = Release|Any CPU
	EndGlobalSection
	GlobalSection(ProjectConfigurationPlatforms) = postSolution
		{552CCFEB-3EC3-B130-D5AF-9CE5A178B517}.Debug|Any CPU.ActiveCfg = Debug|Any CPU
		{552CCFEB-3EC3-B130-D5AF-9CE5A178B517}.Debug|Any CPU.Build.0 = Debug|Any CPU
		{552CCFEB-3EC3-B130-D5AF-9CE5A178B517}.Release|Any CPU.ActiveCfg = Release|Any CPU
		{552CCFEB-3EC3-B130-D5AF-9CE5A178B517}.Release|Any CPU.Build.0 = Release|Any CPU
		{C971DEC9-CA9B-AB70-6382-A9CE8152434C}.Debug|Any CPU.ActiveCfg = Debug|Any CPU
		{C971DEC9-CA9B-AB70-6382-A9CE8152434C}.Debug|Any CPU.Build.0 = Debug|Any CPU
		{C971DEC9-CA9B-AB70-6382-A9CE8152434C}.Release|Any CPU.ActiveCfg = Release|Any CPU
		{C971DEC9-CA9B-AB70-6382-A9CE8152434C}.Release|Any CPU.Build.0 = Release|Any CPU
	EndGlobalSection
	GlobalSection(SolutionProperties) = preSolution
		HideSolutionNode = FALSE
	EndGlobalSection
EndGlobal
